
Microsoft Visual Studio Solution File, Format Version 12.00
# Visual Studio Version 17
VisualStudioVersion = 17.14.36623.8
MinimumVisualStudioVersion = 10.0.40219.1
Project("{FAE04EC0-301F-11D3-BF4B-00C04F79EFBC}") = "Ex000", "Exercises\Ex000\Ex000.csproj", "{BBE5223C-0800-44A3-7554-2414D04445F2}"
EndProject
Project("{FAE04EC0-301F-11D3-BF4B-00C04F79EFBC}") = "Ex001", "Exercises\Ex001\Ex001.csproj", "{4413B177-B549-4BBF-DC15-7A6A41D84857}"
EndProject
Project("{FAE04EC0-301F-11D3-BF4B-00C04F79EFBC}") = "Ex002", "Exercises\Ex002\Ex002.csproj", "{6ABCB2DA-4086-90B7-95E7-6B0D160484DD}"
EndProject
Project("{FAE04EC0-301F-11D3-BF4B-00C04F79EFBC}") = "Ex003", "Exercises\Ex003\Ex003.csproj", "{7F33F022-56A6-8811-2049-BDB984A2ABAD}"
EndProject
Project("{FAE04EC0-301F-11D3-BF4B-00C04F79EFBC}") = "Ex004", "Exercises\Ex004\Ex004.csproj", "{B2753EA8-D76C-4559-876C-D3DCF0B5BA9F}"
EndProject
Project("{FAE04EC0-301F-11D3-BF4B-00C04F79EFBC}") = "Ex005", "Exercises\Ex005\Ex005.csproj", "{D719F33D-974B-443C-B482-5C29BF30A0F1}"
EndProject
Project("{FAE04EC0-301F-11D3-BF4B-00C04F79EFBC}") = "Ex006", "Exercises\Ex006\Ex006.csproj", "{96161F89-3562-4149-969F-0C8C9E60E770}"
EndProject
Project("{FAE04EC0-301F-11D3-BF4B-00C04F79EFBC}") = "Ex007", "Exercises\Ex007\Ex007.csproj", "{948DFFF5-446B-41E5-8BBE-E5705E946622}"
EndProject
Project("{FAE04EC0-301F-11D3-BF4B-00C04F79EFBC}") = "Ex008", "Exercises\Ex008\Ex008.csproj", "{A2780163-DF48-4A87-B8E6-067C13F49C5D}"
EndProject
Project("{FAE04EC0-301F-11D3-BF4B-00C04F79EFBC}") = "Ex009", "Exercises\Ex009\Ex009.csproj", "{B988BF12-C6B3-4BB1-9241-367F9B62E885}"
EndProject
Project("{FAE04EC0-301F-11D3-BF4B-00C04F79EFBC}") = "Ex010", "Exercises\Ex010\Ex010.csproj", "{9416F667-2756-40EA-A1D1-4E5498C648DA}"
EndProject
Project("{FAE04EC0-301F-11D3-BF4B-00C04F79EFBC}") = "Ex011", "Exercises\Ex011\Ex011.csproj", "{82703E60-8293-44C2-AAE6-F706AE3FAA54}"
EndProject
Project("{FAE04EC0-301F-11D3-BF4B-00C04F79EFBC}") = "Ex012", "Exercises\Ex012\Ex012.csproj", "{5E50D427-E8E7-418A-8166-68A849CC9DBB}"
EndProject
Project("{FAE04EC0-301F-11D3-BF4B-00C04F79EFBC}") = "Ex013", "Exercises\Ex013\Ex013.csproj", "{A90F2CC5-22BA-4FA2-83FB-351761D732EC}"
EndProject
Project("{FAE04EC0-301F-11D3-BF4B-00C04F79EFBC}") = "Ex014", "Exercises\Ex014\Ex014.csproj", "{0CBB9292-65BE-4984-A4B8-76643FEF3AF7}"
EndProject
Project("{FAE04EC0-301F-11D3-BF4B-00C04F79EFBC}") = "Ex015", "Exercises\Ex015\Ex015.csproj", "{BCEC041D-4C1E-4EBD-B91A-17246C6BEBFE}"
EndProject
Project("{FAE04EC0-301F-11D3-BF4B-00C04F79EFBC}") = "Ex016", "Exercises\Ex016\Ex016.csproj", "{26365086-46BD-427F-92D9-DB1A099DAC01}"
EndProject
Project("{FAE04EC0-301F-11D3-BF4B-00C04F79EFBC}") = "Ex017", "Exercises\Ex017\Ex017.csproj", "{DF5B1D47-83D8-40CF-AE78-DDE5CF66344F}"
EndProject
Project("{FAE04EC0-301F-11D3-BF4B-00C04F79EFBC}") = "Ex018", "Exercises\Ex018\Ex018.csproj", "{CAD8C520-037F-481F-A2E1-2D69923AE568}"
EndProject
Project("{FAE04EC0-301F-11D3-BF4B-00C04F79EFBC}") = "Ex019", "Exercises\Ex019\Ex019.csproj", "{0C447581-7151-40C8-B6D3-EDA1F6BD8220}"
EndProject
Project("{FAE04EC0-301F-11D3-BF4B-00C04F79EFBC}") = "Ex020", "Exercises\Ex020\Ex020.csproj", "{AA9DECB8-BE81-4D02-A585-E5D7CCFD7D89}"
EndProject
Project("{FAE04EC0-301F-11D3-BF4B-00C04F79EFBC}") = "Ex021", "Exercises\Ex021\Ex021.csproj", "{DF7C46B0-9AFD-4727-91FD-44B1EDAB1DC2}"
EndProject
Project("{FAE04EC0-301F-11D3-BF4B-00C04F79EFBC}") = "Ex022", "Exercises\Ex022\Ex022.csproj", "{3242BA13-2A1B-4527-BC34-D09E1B9DBF41}"
EndProject
Project("{FAE04EC0-301F-11D3-BF4B-00C04F79EFBC}") = "Ex023", "Exercises\Ex023\Ex023.csproj", "{E6535D20-A45F-4966-8C4D-2F6E390AB997}"
EndProject
Project("{FAE04EC0-301F-11D3-BF4B-00C04F79EFBC}") = "Ex024", "Exercises\Ex024\Ex024.csproj", "{9BCB5559-BBB1-4C1F-B8A8-F3EA24BCDA82}"
EndProject
Project("{FAE04EC0-301F-11D3-BF4B-00C04F79EFBC}") = "Ex025", "Exercises\Ex025\Ex025.csproj", "{1354B977-21F6-4451-9798-C9596BD04A18}"
EndProject
Project("{FAE04EC0-301F-11D3-BF4B-00C04F79EFBC}") = "Ex026", "Exercises\Ex026\Ex026.csproj", "{F110AA17-7848-4777-BA43-16AE9166722D}"
EndProject
Project("{FAE04EC0-301F-11D3-BF4B-00C04F79EFBC}") = "Ex027", "Exercises\Ex027\Ex027.csproj", "{916BB141-3221-48EE-8949-65D175A4CD14}"
EndProject
Project("{FAE04EC0-301F-11D3-BF4B-00C04F79EFBC}") = "Ex028", "Exercises\Ex028\Ex028.csproj", "{3F99B65F-E79C-42C2-8EC7-369B49F3123A}"
EndProject
Project("{FAE04EC0-301F-11D3-BF4B-00C04F79EFBC}") = "Ex029", "Exercises\Ex029\Ex029.csproj", "{385509E0-2F7A-46A8-81DC-A3C1BE517C91}"
EndProject
Global
	GlobalSection(SolutionConfigurationPlatforms) = preSolution
		Debug|Any CPU = Debug|Any CPU
		Release|Any CPU = Release|Any CPU
	EndGlobalSection
	GlobalSection(ProjectConfigurationPlatforms) = postSolution
		{BBE5223C-0800-44A3-7554-2414D04445F2}.Debug|Any CPU.ActiveCfg = Debug|Any CPU
		{BBE5223C-0800-44A3-7554-2414D04445F2}.Debug|Any CPU.Build.0 = Debug|Any CPU
		{BBE5223C-0800-44A3-7554-2414D04445F2}.Release|Any CPU.ActiveCfg = Release|Any CPU
		{BBE5223C-0800-44A3-7554-2414D04445F2}.Release|Any CPU.Build.0 = Release|Any CPU
		{4413B177-B549-4BBF-DC15-7A6A41D84857}.Debug|Any CPU.ActiveCfg = Debug|Any CPU
		{4413B177-B549-4BBF-DC15-7A6A41D84857}.Debug|Any CPU.Build.0 = Debug|Any CPU
		{4413B177-B549-4BBF-DC15-7A6A41D84857}.Release|Any CPU.ActiveCfg = Release|Any CPU
		{4413B177-B549-4BBF-DC15-7A6A41D84857}.Release|Any CPU.Build.0 = Release|Any CPU
		{6ABCB2DA-4086-90B7-95E7-6B0D160484DD}.Debug|Any CPU.ActiveCfg = Debug|Any CPU
		{6ABCB2DA-4086-90B7-95E7-6B0D160484DD}.Debug|Any CPU.Build.0 = Debug|Any CPU
		{6ABCB2DA-4086-90B7-95E7-6B0D160484DD}.Release|Any CPU.ActiveCfg = Release|Any CPU
		{6ABCB2DA-4086-90B7-95E7-6B0D160484DD}.Release|Any CPU.Build.0 = Release|Any CPU
		{7F33F022-56A6-8811-2049-BDB984A2ABAD}.Debug|Any CPU.ActiveCfg = Debug|Any CPU
		{7F33F022-56A6-8811-2049-BDB984A2ABAD}.Debug|Any CPU.Build.0 = Debug|Any CPU
		{7F33F022-56A6-8811-2049-BDB984A2ABAD}.Release|Any CPU.ActiveCfg = Release|Any CPU
		{7F33F022-56A6-8811-2049-BDB984A2ABAD}.Release|Any CPU.Build.0 = Release|Any CPU
		{B2753EA8-D76C-4559-876C-D3DCF0B5BA9F}.Debug|Any CPU.ActiveCfg = Debug|Any CPU
		{B2753EA8-D76C-4559-876C-D3DCF0B5BA9F}.Debug|Any CPU.Build.0 = Debug|Any CPU
		{B2753EA8-D76C-4559-876C-D3DCF0B5BA9F}.Release|Any CPU.ActiveCfg = Release|Any CPU
		{B2753EA8-D76C-4559-876C-D3DCF0B5BA9F}.Release|Any CPU.Build.0 = Release|Any CPU
		{D719F33D-974B-443C-B482-5C29BF30A0F1}.Debug|Any CPU.ActiveCfg = Debug|Any CPU
		{D719F33D-974B-443C-B482-5C29BF30A0F1}.Debug|Any CPU.Build.0 = Debug|Any CPU
		{D719F33D-974B-443C-B482-5C29BF30A0F1}.Release|Any CPU.ActiveCfg = Release|Any CPU
		{D719F33D-974B-443C-B482-5C29BF30A0F1}.Release|Any CPU.Build.0 = Release|Any CPU
		{96161F89-3562-4149-969F-0C8C9E60E770}.Debug|Any CPU.ActiveCfg = Debug|Any CPU
		{96161F89-3562-4149-969F-0C8C9E60E770}.Debug|Any CPU.Build.0 = Debug|Any CPU
		{96161F89-3562-4149-969F-0C8C9E60E770}.Release|Any CPU.ActiveCfg = Release|Any CPU
		{96161F89-3562-4149-969F-0C8C9E60E770}.Release|Any CPU.Build.0 = Release|Any CPU
		{948DFFF5-446B-41E5-8BBE-E5705E946622}.Debug|Any CPU.ActiveCfg = Debug|Any CPU
		{948DFFF5-446B-41E5-8BBE-E5705E946622}.Debug|Any CPU.Build.0 = Debug|Any CPU
		{948DFFF5-446B-41E5-8BBE-E5705E946622}.Release|Any CPU.ActiveCfg = Release|Any CPU
		{948DFFF5-446B-41E5-8BBE-E5705E946622}.Release|Any CPU.Build.0 = Release|Any CPU
		{A2780163-DF48-4A87-B8E6-067C13F49C5D}.Debug|Any CPU.ActiveCfg = Debug|Any CPU
		{A2780163-DF48-4A87-B8E6-067C13F49C5D}.Debug|Any CPU.Build.0 = Debug|Any CPU
		{A2780163-DF48-4A87-B8E6-067C13F49C5D}.Release|Any CPU.ActiveCfg = Release|Any CPU
		{A2780163-DF48-4A87-B8E6-067C13F49C5D}.Release|Any CPU.Build.0 = Release|Any CPU
		{B988BF12-C6B3-4BB1-9241-367F9B62E885}.Debug|Any CPU.ActiveCfg = Debug|Any CPU
		{B988BF12-C6B3-4BB1-9241-367F9B62E885}.Debug|Any CPU.Build.0 = Debug|Any CPU
		{B988BF12-C6B3-4BB1-9241-367F9B62E885}.Release|Any CPU.ActiveCfg = Release|Any CPU
		{B988BF12-C6B3-4BB1-9241-367F9B62E885}.Release|Any CPU.Build.0 = Release|Any CPU
		{9416F667-2756-40EA-A1D1-4E5498C648DA}.Debug|Any CPU.ActiveCfg = Debug|Any CPU
		{9416F667-2756-40EA-A1D1-4E5498C648DA}.Debug|Any CPU.Build.0 = Debug|Any CPU
		{9416F667-2756-40EA-A1D1-4E5498C648DA}.Release|Any CPU.ActiveCfg = Release|Any CPU
		{9416F667-2756-40EA-A1D1-4E5498C648DA}.Release|Any CPU.Build.0 = Release|Any CPU
		{82703E60-8293-44C2-AAE6-F706AE3FAA54}.Debug|Any CPU.ActiveCfg = Debug|Any CPU
		{82703E60-8293-44C2-AAE6-F706AE3FAA54}.Debug|Any CPU.Build.0 = Debug|Any CPU
		{82703E60-8293-44C2-AAE6-F706AE3FAA54}.Release|Any CPU.ActiveCfg = Release|Any CPU
		{82703E60-8293-44C2-AAE6-F706AE3FAA54}.Release|Any CPU.Build.0 = Release|Any CPU
		{5E50D427-E8E7-418A-8166-68A849CC9DBB}.Debug|Any CPU.ActiveCfg = Debug|Any CPU
		{5E50D427-E8E7-418A-8166-68A849CC9DBB}.Debug|Any CPU.Build.0 = Debug|Any CPU
		{5E50D427-E8E7-418A-8166-68A849CC9DBB}.Release|Any CPU.ActiveCfg = Release|Any CPU
		{5E50D427-E8E7-418A-8166-68A849CC9DBB}.Release|Any CPU.Build.0 = Release|Any CPU
		{A90F2CC5-22BA-4FA2-83FB-351761D732EC}.Debug|Any CPU.ActiveCfg = Debug|Any CPU
		{A90F2CC5-22BA-4FA2-83FB-351761D732EC}.Debug|Any CPU.Build.0 = Debug|Any CPU
		{A90F2CC5-22BA-4FA2-83FB-351761D732EC}.Release|Any CPU.ActiveCfg = Release|Any CPU
		{A90F2CC5-22BA-4FA2-83FB-351761D732EC}.Release|Any CPU.Build.0 = Release|Any CPU
		{0CBB9292-65BE-4984-A4B8-76643FEF3AF7}.Debug|Any CPU.ActiveCfg = Debug|Any CPU
		{0CBB9292-65BE-4984-A4B8-76643FEF3AF7}.Debug|Any CPU.Build.0 = Debug|Any CPU
		{0CBB9292-65BE-4984-A4B8-76643FEF3AF7}.Release|Any CPU.ActiveCfg = Release|Any CPU
		{0CBB9292-65BE-4984-A4B8-76643FEF3AF7}.Release|Any CPU.Build.0 = Release|Any CPU
		{BCEC041D-4C1E-4EBD-B91A-17246C6BEBFE}.Debug|Any CPU.ActiveCfg = Debug|Any CPU
		{BCEC041D-4C1E-4EBD-B91A-17246C6BEBFE}.Debug|Any CPU.Build.0 = Debug|Any CPU
		{BCEC041D-4C1E-4EBD-B91A-17246C6BEBFE}.Release|Any CPU.ActiveCfg = Release|Any CPU
		{BCEC041D-4C1E-4EBD-B91A-17246C6BEBFE}.Release|Any CPU.Build.0 = Release|Any CPU
		{26365086-46BD-427F-92D9-DB1A099DAC01}.Debug|Any CPU.ActiveCfg = Debug|Any CPU
		{26365086-46BD-427F-92D9-DB1A099DAC01}.Debug|Any CPU.Build.0 = Debug|Any CPU
		{26365086-46BD-427F-92D9-DB1A099DAC01}.Release|Any CPU.ActiveCfg = Release|Any CPU
		{26365086-46BD-427F-92D9-DB1A099DAC01}.Release|Any CPU.Build.0 = Release|Any CPU
		{DF5B1D47-83D8-40CF-AE78-DDE5CF66344F}.Debug|Any CPU.ActiveCfg = Debug|Any CPU
		{DF5B1D47-83D8-40CF-AE78-DDE5CF66344F}.Debug|Any CPU.Build.0 = Debug|Any CPU
		{DF5B1D47-83D8-40CF-AE78-DDE5CF66344F}.Release|Any CPU.ActiveCfg = Release|Any CPU
		{DF5B1D47-83D8-40CF-AE78-DDE5CF66344F}.Release|Any CPU.Build.0 = Release|Any CPU
		{CAD8C520-037F-481F-A2E1-2D69923AE568}.Debug|Any CPU.ActiveCfg = Debug|Any CPU
		{CAD8C520-037F-481F-A2E1-2D69923AE568}.Debug|Any CPU.Build.0 = Debug|Any CPU
		{CAD8C520-037F-481F-A2E1-2D69923AE568}.Release|Any CPU.ActiveCfg = Release|Any CPU
		{CAD8C520-037F-481F-A2E1-2D69923AE568}.Release|Any CPU.Build.0 = Release|Any CPU
		{0C447581-7151-40C8-B6D3-EDA1F6BD8220}.Debug|Any CPU.ActiveCfg = Debug|Any CPU
		{0C447581-7151-40C8-B6D3-EDA1F6BD8220}.Debug|Any CPU.Build.0 = Debug|Any CPU
		{0C447581-7151-40C8-B6D3-EDA1F6BD8220}.Release|Any CPU.ActiveCfg = Release|Any CPU
		{0C447581-7151-40C8-B6D3-EDA1F6BD8220}.Release|Any CPU.Build.0 = Release|Any CPU
		{AA9DECB8-BE81-4D02-A585-E5D7CCFD7D89}.Debug|Any CPU.ActiveCfg = Debug|Any CPU
		{AA9DECB8-BE81-4D02-A585-E5D7CCFD7D89}.Debug|Any CPU.Build.0 = Debug|Any CPU
		{AA9DECB8-BE81-4D02-A585-E5D7CCFD7D89}.Release|Any CPU.ActiveCfg = Release|Any CPU
		{AA9DECB8-BE81-4D02-A585-E5D7CCFD7D89}.Release|Any CPU.Build.0 = Release|Any CPU
		{DF7C46B0-9AFD-4727-91FD-44B1EDAB1DC2}.Debug|Any CPU.ActiveCfg = Debug|Any CPU
		{DF7C46B0-9AFD-4727-91FD-44B1EDAB1DC2}.Debug|Any CPU.Build.0 = Debug|Any CPU
		{DF7C46B0-9AFD-4727-91FD-44B1EDAB1DC2}.Release|Any CPU.ActiveCfg = Release|Any CPU
		{DF7C46B0-9AFD-4727-91FD-44B1EDAB1DC2}.Release|Any CPU.Build.0 = Release|Any CPU
		{3242BA13-2A1B-4527-BC34-D09E1B9DBF41}.Debug|Any CPU.ActiveCfg = Debug|Any CPU
		{3242BA13-2A1B-4527-BC34-D09E1B9DBF41}.Debug|Any CPU.Build.0 = Debug|Any CPU
		{3242BA13-2A1B-4527-BC34-D09E1B9DBF41}.Release|Any CPU.ActiveCfg = Release|Any CPU
		{3242BA13-2A1B-4527-BC34-D09E1B9DBF41}.Release|Any CPU.Build.0 = Release|Any CPU
		{E6535D20-A45F-4966-8C4D-2F6E390AB997}.Debug|Any CPU.ActiveCfg = Debug|Any CPU
		{E6535D20-A45F-4966-8C4D-2F6E390AB997}.Debug|Any CPU.Build.0 = Debug|Any CPU
		{E6535D20-A45F-4966-8C4D-2F6E390AB997}.Release|Any CPU.ActiveCfg = Release|Any CPU
		{E6535D20-A45F-4966-8C4D-2F6E390AB997}.Release|Any CPU.Build.0 = Release|Any CPU
		{9BCB5559-BBB1-4C1F-B8A8-F3EA24BCDA82}.Debug|Any CPU.ActiveCfg = Debug|Any CPU
		{9BCB5559-BBB1-4C1F-B8A8-F3EA24BCDA82}.Debug|Any CPU.Build.0 = Debug|Any CPU
		{9BCB5559-BBB1-4C1F-B8A8-F3EA24BCDA82}.Release|Any CPU.ActiveCfg = Release|Any CPU
		{9BCB5559-BBB1-4C1F-B8A8-F3EA24BCDA82}.Release|Any CPU.Build.0 = Release|Any CPU
		{1354B977-21F6-4451-9798-C9596BD04A18}.Debug|Any CPU.ActiveCfg = Debug|Any CPU
		{1354B977-21F6-4451-9798-C9596BD04A18}.Debug|Any CPU.Build.0 = Debug|Any CPU
		{1354B977-21F6-4451-9798-C9596BD04A18}.Release|Any CPU.ActiveCfg = Release|Any CPU
		{1354B977-21F6-4451-9798-C9596BD04A18}.Release|Any CPU.Build.0 = Release|Any CPU
		{F110AA17-7848-4777-BA43-16AE9166722D}.Debug|Any CPU.ActiveCfg = Debug|Any CPU
		{F110AA17-7848-4777-BA43-16AE9166722D}.Debug|Any CPU.Build.0 = Debug|Any CPU
		{F110AA17-7848-4777-BA43-16AE9166722D}.Release|Any CPU.ActiveCfg = Release|Any CPU
		{F110AA17-7848-4777-BA43-16AE9166722D}.Release|Any CPU.Build.0 = Release|Any CPU
		{916BB141-3221-48EE-8949-65D175A4CD14}.Debug|Any CPU.ActiveCfg = Debug|Any CPU
		{916BB141-3221-48EE-8949-65D175A4CD14}.Debug|Any CPU.Build.0 = Debug|Any CPU
		{916BB141-3221-48EE-8949-65D175A4CD14}.Release|Any CPU.ActiveCfg = Release|Any CPU
		{916BB141-3221-48EE-8949-65D175A4CD14}.Release|Any CPU.Build.0 = Release|Any CPU
		{3F99B65F-E79C-42C2-8EC7-369B49F3123A}.Debug|Any CPU.ActiveCfg = Debug|Any CPU
		{3F99B65F-E79C-42C2-8EC7-369B49F3123A}.Debug|Any CPU.Build.0 = Debug|Any CPU
		{3F99B65F-E79C-42C2-8EC7-369B49F3123A}.Release|Any CPU.ActiveCfg = Release|Any CPU
		{3F99B65F-E79C-42C2-8EC7-369B49F3123A}.Release|Any CPU.Build.0 = Release|Any CPU
		{385509E0-2F7A-46A8-81DC-A3C1BE517C91}.Debug|Any CPU.ActiveCfg = Debug|Any CPU
		{385509E0-2F7A-46A8-81DC-A3C1BE517C91}.Debug|Any CPU.Build.0 = Debug|Any CPU
		{385509E0-2F7A-46A8-81DC-A3C1BE517C91}.Release|Any CPU.ActiveCfg = Release|Any CPU
		{385509E0-2F7A-46A8-81DC-A3C1BE517C91}.Release|Any CPU.Build.0 = Release|Any CPU
	EndGlobalSection
	GlobalSection(SolutionProperties) = preSolution
		HideSolutionNode = FALSE
	EndGlobalSection
	GlobalSection(ExtensibilityGlobals) = postSolution
		SolutionGuid = {0A8FA4AC-74AD-4811-BFC1-795EB03345C3}
	EndGlobalSection
EndGlobal
